{
  "version": "5",
  "specifiers": {
    "jsr:@std/path@1.0.9": "1.0.9"
  },
  "jsr": {
    "@std/path@1.0.9": {
      "integrity": "260a49f11edd3db93dd38350bf9cd1b4d1366afa98e81b86167b4e3dd750129e"
    }
  },
  "remote": {
    "https://cdn.skypack.dev/-/debug@v4.3.4-o4liVvMlOnQWbLSYZMXw/dist=es2019,mode=imports/optimized/debug.js": "671100993996e39b501301a87000607916d4d2d9f8fc8e9c5200ae5ba64a1389",
    "https://cdn.skypack.dev/-/ms@v2.1.2-giBDZ1IA5lmQ3ZXaa87V/dist=es2019,mode=imports/optimized/ms.js": "fd88e2d51900437011f1ad232f3393ce97db1b87a7844b3c58dd6d65562c1276",
    "https://cdn.skypack.dev/debug@4.3.4": "7b1d010cc930f71b940ba5941da055bc181115229e29de7214bdb4425c68ea76",
    "https://deno.land/x/grammy@v1.36.3/bot.ts": "b0e3159726c9873787ab7a06c2bcf5b8bb90da3493486b31a50cf260534bfa9e",
    "https://deno.land/x/grammy@v1.36.3/composer.ts": "4fcfc5c5b68107c0e0f24a9b00a5f3cf8d4ed0adee964be17005d96782e09562",
    "https://deno.land/x/grammy@v1.36.3/context.ts": "7e096053edbdf289b62b718d657c4d54b063d0eb8e7b25ecc9c84a96de502068",
    "https://deno.land/x/grammy@v1.36.3/convenience/constants.ts": "1560129784be52f49aa0bea8716f09ed00dac367fef195be6a2c09bdfc43fb99",
    "https://deno.land/x/grammy@v1.36.3/convenience/frameworks.ts": "e78afd522b62202053c09dc119ff282d356d85845a05af6d678a4ffa7ca3037d",
    "https://deno.land/x/grammy@v1.36.3/convenience/inline_query.ts": "409d1940c7670708064efa495003bcbfdf6763a756b2e6303c464489fd3394ff",
    "https://deno.land/x/grammy@v1.36.3/convenience/input_media.ts": "7af72a5fdb1af0417e31b1327003f536ddfdf64e06ab8bc7f5da6b574de38658",
    "https://deno.land/x/grammy@v1.36.3/convenience/keyboard.ts": "dc5d3f53d0f6a15600ced9b40c85debe55a5d381436826b4cdede18c84bd6bae",
    "https://deno.land/x/grammy@v1.36.3/convenience/session.ts": "5e4b976528a0b3d7893645ac23e2e35e78671af578a3aed5efb4b621e7e9b6da",
    "https://deno.land/x/grammy@v1.36.3/convenience/webhook.ts": "722f6da8de7578ecfcd263ca07ec3b81f09e7f243fdf2a887ac0e6cab509e116",
    "https://deno.land/x/grammy@v1.36.3/core/api.ts": "7c4e031a31dc40fd66fccd0bd6d89673f6ccab51caf5b0f57e9eafc72bdb129a",
    "https://deno.land/x/grammy@v1.36.3/core/client.ts": "44a9f9fd6dc7eb8ab3c57dab3f550ef5ec53142c5df16ab5501da8e3ea62dcff",
    "https://deno.land/x/grammy@v1.36.3/core/error.ts": "5245f18f273da6be364f525090c24d2e9a282c180904f674f66946f2b2556247",
    "https://deno.land/x/grammy@v1.36.3/core/payload.ts": "420e17c3c2830b5576ea187cfce77578fe09f1204b25c25ea2f220ca7c86e73b",
    "https://deno.land/x/grammy@v1.36.3/filter.ts": "a7e73097a2e569091a1eff0ea72fab71791bf21a2476290f114bd28668263f3e",
    "https://deno.land/x/grammy@v1.36.3/mod.ts": "a973e356760eed1b58bc89280e6eb41bbdf74035f6348c08d6cebf50da1dac34",
    "https://deno.land/x/grammy@v1.36.3/platform.deno.ts": "68272a7e1d9a2d74d8a45342526485dbc0531dee812f675d7f8a4e7fc8393028",
    "https://deno.land/x/grammy@v1.36.3/types.deno.ts": "bbb8cea790ea93e5338c3575d277200f8506ac28d5d06d541c4b1cd8306f9e29",
    "https://deno.land/x/grammy@v1.36.3/types.ts": "729415590dfa188dbe924dea614dff4e976babdbabb28a307b869fc25777cdf0",
    "https://deno.land/x/grammy_types@v3.20.0/api.ts": "ae04d6628e3d25ae805bc07a19475065044fc44cde0a40877405bc3544d03a5f",
    "https://deno.land/x/grammy_types@v3.20.0/inline.ts": "9afd0340eafd22acb163f2f680d58b85719f0edc92dffa4d259fc5232e543d23",
    "https://deno.land/x/grammy_types@v3.20.0/langs.ts": "5f5fd09c58ba3ae942dd7cea2696f95587d2032c1829bba4bca81762b7ef73b6",
    "https://deno.land/x/grammy_types@v3.20.0/manage.ts": "c02480bbba003bc66dbc30bd0d1edf837b09ad9ee459ef82afd8d3492caac0da",
    "https://deno.land/x/grammy_types@v3.20.0/markup.ts": "b989e0712f9731c59e6cb308371b1722d823dd55de3d6bcaf3e4ed645a42e1f9",
    "https://deno.land/x/grammy_types@v3.20.0/message.ts": "243968db23afa31e0a390d46b58489ca182fac10e81aa05c859f6a4b3a66fe13",
    "https://deno.land/x/grammy_types@v3.20.0/methods.ts": "2d9e398a9ef09dff6633caaa23b5a89375340f083e046f7f3be7ce6179cca38b",
    "https://deno.land/x/grammy_types@v3.20.0/mod.ts": "2a22dc7cd29c2739647c22cec00d5d4e2f49ba1c61bcaf70b4206a14bce29799",
    "https://deno.land/x/grammy_types@v3.20.0/passport.ts": "19820e7d6c279521f8bc8912d6a378239f73d4ab525453808994b5f44ef95215",
    "https://deno.land/x/grammy_types@v3.20.0/payment.ts": "8f016ffe46221c80d9d1a1b30848d8ccc10548f0ec281c9d3312b598cb0c2a4d",
    "https://deno.land/x/grammy_types@v3.20.0/settings.ts": "f8ff810da6f1007ed24cd504809bf46820229c395ff9bfc3e5c8ceaef5b2aae1",
    "https://deno.land/x/grammy_types@v3.20.0/story.ts": "f558c6e6054a43fa1403c2376f7c0b51e2138f4e0d13f0f6e870ffd1cd085ae2",
    "https://deno.land/x/grammy_types@v3.20.0/update.ts": "71cc0d5ec860149b71415ba03282b1d7edd0466b36e2789521a3b3a3d7796493"
  },
  "workspace": {
    "packageJson": {
      "dependencies": [
        "npm:@ai-sdk/google@^1.2.19",
        "npm:@ai-sdk/react@^1.2.12",
        "npm:@biomejs/biome@2.0.5",
        "npm:@fal-ai/client@^1.5.0",
        "npm:@formatjs/intl-localematcher@~0.5.10",
        "npm:@google/genai@^1.6.0",
        "npm:@iconify/react@^5.2.1",
        "npm:@next/bundle-analyzer@^15.3.0",
        "npm:@playwright/test@^1.52.0",
        "npm:@radix-ui/react-accordion@^1.2.4",
        "npm:@radix-ui/react-alert-dialog@^1.1.7",
        "npm:@radix-ui/react-dialog@^1.1.7",
        "npm:@radix-ui/react-dropdown-menu@^2.1.7",
        "npm:@radix-ui/react-icons@^1.3.2",
        "npm:@radix-ui/react-label@^2.1.0",
        "npm:@radix-ui/react-select@^2.1.7",
        "npm:@radix-ui/react-separator@^1.1.3",
        "npm:@radix-ui/react-slot@^1.2.3",
        "npm:@radix-ui/react-tabs@^1.1.12",
        "npm:@radix-ui/react-toast@^1.2.7",
        "npm:@radix-ui/react-tooltip@^1.2.0",
        "npm:@sentry/nextjs@^9.30.0",
        "npm:@stripe/stripe-js@^7.3.1",
        "npm:@supabase-cache-helpers/postgrest-react-query@^1.13.4",
        "npm:@supabase/ssr@~0.5.2",
        "npm:@supabase/supabase-js@^2.49.4",
        "npm:@tailwindcss/typography@~0.5.16",
        "npm:@tanstack/react-query@^5.80.3",
        "npm:@tanstack/react-table@^8.21.2",
        "npm:@types/negotiator@~0.6.3",
        "npm:@types/node@^22.15.2",
        "npm:@types/react-dom@19.1.2",
        "npm:@types/react@19.1.2",
        "npm:@upstash/redis@^1.34.8",
        "npm:@vercel/analytics@^1.4.1",
        "npm:@vercel/blob@1",
        "npm:@vercel/speed-insights@^1.2.0",
        "npm:ai@^4.3.16",
        "npm:autoprefixer@^10.4.17",
        "npm:class-variance-authority@~0.7.1",
        "npm:clsx@^2.1.1",
        "npm:contentlayer2@~0.5.7",
        "npm:crisp-sdk-web@^1.0.25",
        "npm:date-fns@^3.6.0",
        "npm:dotenv@^16.5.0",
        "npm:globby@^14.1.0",
        "npm:import-in-the-middle@^1.13.1",
        "npm:knip@^5.50.2",
        "npm:lucide-react@0.523",
        "npm:music-metadata@^11.2.3",
        "npm:nanoid@^5.0.9",
        "npm:negotiator@1",
        "npm:next-contentlayer2@~0.5.8",
        "npm:next@15.3.4",
        "npm:postcss@^8.4.33",
        "npm:posthog-js@^1.233.1",
        "npm:posthog-node@^4.10.2",
        "npm:react-dom@19.1.0",
        "npm:react@19.1.0",
        "npm:replicate@^1.0.1",
        "npm:require-in-the-middle@^7.5.2",
        "npm:sass@^1.86.3",
        "npm:sonner@^1.7.4",
        "npm:stripe@^17.7.0",
        "npm:tailwind-merge@^2.5.2",
        "npm:tailwindcss-animate@^1.0.7",
        "npm:tailwindcss@^3.4.1",
        "npm:tsx@^4.19.3",
        "npm:typescript@^5.7.3",
        "npm:zod@^3.25.67"
      ]
    }
  }
}
